{
  "name": "trpc",
  "version": "1.0.0",
  "lockfileVersion": 3,
  "requires": true,
  "packages": {
    "": {
      "name": "trpc",
      "version": "1.0.0",
      "license": "ISC",
      "dependencies": {
        "@trpc/client": "^11.1.4",
        "@trpc/server": "^11.1.4"
      }
    },
    "node_modules/@trpc/client": {
      "version": "11.1.4",
      "resolved": "https://registry.npmjs.org/@trpc/client/-/client-11.1.4.tgz",
      "integrity": "sha512-QDaIdwhZlHKMhDAr5m4dJNAYkX4ydo63Up0M01mGcdpnOOmGlvGMRWzdVSLIvGc1JasPSvC15RsgrjMzXpElzw==",
      "funding": [
        "https://trpc.io/sponsor"
      ],
      "license": "MIT",
      "peerDependencies": {
        "@trpc/server": "11.1.4",
        "typescript": ">=5.7.2"
      }
    },
    "node_modules/@trpc/server": {
      "version": "11.1.4",
      "resolved": "https://registry.npmjs.org/@trpc/server/-/server-11.1.4.tgz",
      "integrity": "sha512-X3TSLwQQh5+zi+yY7BnnmUUwVNdeBj3BAt580sAJ+Qd5PvDhz1gSNHGOAlOLulCFn6g/JHf8n+DbnPF/Gb63SA==",
      "funding": [
        "https://trpc.io/sponsor"
      ],
      "license": "MIT",
      "peerDependencies": {
        "typescript": ">=5.7.2"
      }
    },
    "node_modules/typescript": {
      "version": "5.8.3",
      "resolved": "https://registry.npmjs.org/typescript/-/typescript-5.8.3.tgz",
      "integrity": "sha512-p1diW6TqL9L07nNxvRMM7hMMw4c5XOo/1ibL4aAIGmSAt9slTE1Xgw5KWuof2uTOvCg9BY7ZRi+GaF+7sfgPeQ==",
      "license": "Apache-2.0",
      "peer": true,
      "bin": {
        "tsc": "bin/tsc",
        "tsserver": "bin/tsserver"
      },
      "engines": {
        "node": ">=14.17"
      }
    }
  }
}
